<?xml version="1.0" encoding="utf-8"?>
<Project ToolsVersion="4.0" xmlns="http://schemas.microsoft.com/developer/msbuild/2003">
  <ItemGroup>
    <Filter Include="源文件">
      <UniqueIdentifier>{4FC737F1-C7A5-4376-A066-2A32D752A2FF}</UniqueIdentifier>
      <Extensions>cpp;c;cc;cxx;def;odl;idl;hpj;bat;asm;asmx</Extensions>
    </Filter>
    <Filter Include="头文件">
      <UniqueIdentifier>{93995380-89BD-4b04-88EB-625FBE52EBFB}</UniqueIdentifier>
      <Extensions>h;hh;hpp;hxx;hm;inl;inc;xsd</Extensions>
    </Filter>
    <Filter Include="资源文件">
      <UniqueIdentifier>{67DA6AB6-F800-4c08-8B7A-83BB121AAD01}</UniqueIdentifier>
      <Extensions>rc;ico;cur;bmp;dlg;rc2;rct;bin;rgs;gif;jpg;jpeg;jpe;resx;tiff;tif;png;wav;mfcribbon-ms</Extensions>
    </Filter>
  </ItemGroup>
  <ItemGroup>
    <Text Include="ReadMe.txt" />
  </ItemGroup>
  <ItemGroup>
    <ClInclude Include="MyTask.h">
      <Filter>头文件</Filter>
    </ClInclude>
    <ClInclude Include="MyTaskDlg.h">
      <Filter>头文件</Filter>
    </ClInclude>
    <ClInclude Include="stdafx.h">
      <Filter>头文件</Filter>
    </ClInclude>
    <ClInclude Include="targetver.h">
      <Filter>头文件</Filter>
    </ClInclude>
    <ClInclude Include="Resource.h">
      <Filter>头文件</Filter>
    </ClInclude>
    <ClInclude Include="ClistCtrlEx.h">
      <Filter>头文件</Filter>
    </ClInclude>
    <ClInclude Include="MyHead.h">
      <Filter>头文件</Filter>
    </ClInclude>
    <ClInclude Include="MyMoudleDlg.h">
      <Filter>头文件</Filter>
    </ClInclude>
    <ClInclude Include="MyThreadDlg.h">
      <Filter>头文件</Filter>
    </ClInclude>
    <ClInclude Include="MyWindowsDlg.h">
      <Filter>头文件</Filter>
    </ClInclude>
    <ClInclude Include="MyFileDlg.h">
      <Filter>头文件</Filter>
    </ClInclude>
    <ClInclude Include="MyClearFileDlg.h">
      <Filter>头文件</Filter>
    </ClInclude>
    <ClInclude Include="MyHeapDlg.h">
      <Filter>头文件</Filter>
    </ClInclude>
    <ClInclude Include="StatusBarEx.h">
      <Filter>头文件</Filter>
    </ClInclude>
    <ClInclude Include="MyPeDlg.h">
      <Filter>头文件</Filter>
    </ClInclude>
    <ClInclude Include="PE.h">
      <Filter>头文件</Filter>
    </ClInclude>
    <ClInclude Include="MyExportTabDlg.h">
      <Filter>头文件</Filter>
    </ClInclude>
    <ClInclude Include="MyImportTabDlg.h">
      <Filter>头文件</Filter>
    </ClInclude>
    <ClInclude Include="MyResourceDlg.h">
      <Filter>头文件</Filter>
    </ClInclude>
    <ClInclude Include="MyRelTabDlg.h">
      <Filter>头文件</Filter>
    </ClInclude>
    <ClInclude Include="TCP_CLIENT.h">
      <Filter>头文件</Filter>
    </ClInclude>
    <ClInclude Include="MyServiceDlg.h">
      <Filter>头文件</Filter>
    </ClInclude>
    <ClInclude Include="MyUnistallDlg.h">
      <Filter>头文件</Filter>
    </ClInclude>
    <ClInclude Include="MyTlsTabDlg.h">
      <Filter>头文件</Filter>
    </ClInclude>
    <ClInclude Include="MyDelayDlg.h">
      <Filter>头文件</Filter>
    </ClInclude>
    <ClInclude Include="MyStartupDlg.h">
      <Filter>头文件</Filter>
    </ClInclude>
    <ClInclude Include="MyAntiVirusDlg.h">
      <Filter>头文件</Filter>
    </ClInclude>
    <ClInclude Include="MD5_FILE.h">
      <Filter>头文件</Filter>
    </ClInclude>
    <ClInclude Include="MyVirusLibDlg.h">
      <Filter>头文件</Filter>
    </ClInclude>
    <ClInclude Include="LoadVirusLib.h">
      <Filter>头文件</Filter>
    </ClInclude>
    <ClInclude Include="MyProcessLibDlg.h">
      <Filter>头文件</Filter>
    </ClInclude>
    <ClInclude Include="MyClearUpDlg.h">
      <Filter>头文件</Filter>
    </ClInclude>
    <ClInclude Include="MySingleFileDlg.h">
      <Filter>头文件</Filter>
    </ClInclude>
    <ClInclude Include="MyTcpDlg.h">
      <Filter>头文件</Filter>
    </ClInclude>
    <ClInclude Include="MyTrafficDlg.h">
      <Filter>头文件</Filter>
    </ClInclude>
    <ClInclude Include="DebugDlg.h">
      <Filter>头文件</Filter>
    </ClInclude>
  </ItemGroup>
  <ItemGroup>
    <ClCompile Include="MyTask.cpp">
      <Filter>源文件</Filter>
    </ClCompile>
    <ClCompile Include="MyTaskDlg.cpp">
      <Filter>源文件</Filter>
    </ClCompile>
    <ClCompile Include="stdafx.cpp">
      <Filter>源文件</Filter>
    </ClCompile>
    <ClCompile Include="ClistCtrlEx.cpp">
      <Filter>源文件</Filter>
    </ClCompile>
    <ClCompile Include="MyMoudleDlg.cpp">
      <Filter>源文件</Filter>
    </ClCompile>
    <ClCompile Include="MyHead.cpp">
      <Filter>源文件</Filter>
    </ClCompile>
    <ClCompile Include="MyThreadDlg.cpp">
      <Filter>源文件</Filter>
    </ClCompile>
    <ClCompile Include="MyWindowsDlg.cpp">
      <Filter>源文件</Filter>
    </ClCompile>
    <ClCompile Include="MyFileDlg.cpp">
      <Filter>源文件</Filter>
    </ClCompile>
    <ClCompile Include="MyClearFileDlg.cpp">
      <Filter>源文件</Filter>
    </ClCompile>
    <ClCompile Include="MyHeapDlg.cpp">
      <Filter>源文件</Filter>
    </ClCompile>
    <ClCompile Include="StatusBarEx.cpp">
      <Filter>源文件</Filter>
    </ClCompile>
    <ClCompile Include="MyPeDlg.cpp">
      <Filter>源文件</Filter>
    </ClCompile>
    <ClCompile Include="PE.cpp">
      <Filter>源文件</Filter>
    </ClCompile>
    <ClCompile Include="MyExportTabDlg.cpp">
      <Filter>源文件</Filter>
    </ClCompile>
    <ClCompile Include="MyImportTabDlg.cpp">
      <Filter>源文件</Filter>
    </ClCompile>
    <ClCompile Include="MyResourceDlg.cpp">
      <Filter>源文件</Filter>
    </ClCompile>
    <ClCompile Include="MyRelTabDlg.cpp">
      <Filter>源文件</Filter>
    </ClCompile>
    <ClCompile Include="TCP_CLIENT.cpp">
      <Filter>源文件</Filter>
    </ClCompile>
    <ClCompile Include="MyServiceDlg.cpp">
      <Filter>源文件</Filter>
    </ClCompile>
    <ClCompile Include="MyUnistallDlg.cpp">
      <Filter>源文件</Filter>
    </ClCompile>
    <ClCompile Include="MyTlsTabDlg.cpp">
      <Filter>源文件</Filter>
    </ClCompile>
    <ClCompile Include="MyDelayDlg.cpp">
      <Filter>源文件</Filter>
    </ClCompile>
    <ClCompile Include="MyStartupDlg.cpp">
      <Filter>源文件</Filter>
    </ClCompile>
    <ClCompile Include="MyAntiVirusDlg.cpp">
      <Filter>源文件</Filter>
    </ClCompile>
    <ClCompile Include="MD5_FILE.cpp">
      <Filter>源文件</Filter>
    </ClCompile>
    <ClCompile Include="MyVirusLibDlg.cpp">
      <Filter>源文件</Filter>
    </ClCompile>
    <ClCompile Include="LoadVirusLib.cpp">
      <Filter>源文件</Filter>
    </ClCompile>
    <ClCompile Include="MyProcessLibDlg.cpp">
      <Filter>源文件</Filter>
    </ClCompile>
    <ClCompile Include="MyClearUpDlg.cpp">
      <Filter>源文件</Filter>
    </ClCompile>
    <ClCompile Include="MySingleFileDlg.cpp">
      <Filter>源文件</Filter>
    </ClCompile>
    <ClCompile Include="MyTcpDlg.cpp">
      <Filter>源文件</Filter>
    </ClCompile>
    <ClCompile Include="MyTrafficDlg.cpp">
      <Filter>源文件</Filter>
    </ClCompile>
    <ClCompile Include="DebugDlg.cpp">
      <Filter>源文件</Filter>
    </ClCompile>
  </ItemGroup>
  <ItemGroup>
    <ResourceCompile Include="MyTask.rc">
      <Filter>资源文件</Filter>
    </ResourceCompile>
  </ItemGroup>
  <ItemGroup>
    <None Include="res\MyTask.rc2">
      <Filter>资源文件</Filter>
    </None>
  </ItemGroup>
  <ItemGroup>
    <Image Include="res\MyTask.ico">
      <Filter>资源文件</Filter>
    </Image>
    <Image Include="res\项目48.ico">
      <Filter>资源文件</Filter>
    </Image>
  </ItemGroup>
</Project>